
Microsoft Visual Studio Solution File, Format Version 12.00
# Visual Studio Version 17
VisualStudioVersion = 17.4.33213.308
MinimumVisualStudioVersion = 10.0.40219.1
Project("{FAE04EC0-301F-11D3-BF4B-00C04F79EFBC}") = "Dotnet.Tools", "Dotnet.Tools\Dotnet.Tools.csproj", "{51DF8C6B-BDBF-447C-A1BC-32F88A7AFEA0}"
EndProject
Project("{FAE04EC0-301F-11D3-BF4B-00C04F79EFBC}") = "Dotnet.Tools.Wasm", "Dotnet.Tools.Wasm\Dotnet.Tools.Wasm.csproj", "{36E41DAB-2F46-4C16-A03F-A048A8F80C7E}"
EndProject
Global
	GlobalSection(SolutionConfigurationPlatforms) = preSolution
		Debug|Any CPU = Debug|Any CPU
		Release|Any CPU = Release|Any CPU
	EndGlobalSection
	GlobalSection(ProjectConfigurationPlatforms) = postSolution
		{51DF8C6B-BDBF-447C-A1BC-32F88A7AFEA0}.Debug|Any CPU.ActiveCfg = Debug|Any CPU
		{51DF8C6B-BDBF-447C-A1BC-32F88A7AFEA0}.Debug|Any CPU.Build.0 = Debug|Any CPU
		{51DF8C6B-BDBF-447C-A1BC-32F88A7AFEA0}.Release|Any CPU.ActiveCfg = Release|Any CPU
		{51DF8C6B-BDBF-447C-A1BC-32F88A7AFEA0}.Release|Any CPU.Build.0 = Release|Any CPU
		{36E41DAB-2F46-4C16-A03F-A048A8F80C7E}.Debug|Any CPU.ActiveCfg = Debug|Any CPU
		{36E41DAB-2F46-4C16-A03F-A048A8F80C7E}.Debug|Any CPU.Build.0 = Debug|Any CPU
		{36E41DAB-2F46-4C16-A03F-A048A8F80C7E}.Release|Any CPU.ActiveCfg = Release|Any CPU
		{36E41DAB-2F46-4C16-A03F-A048A8F80C7E}.Release|Any CPU.Build.0 = Release|Any CPU
	EndGlobalSection
	GlobalSection(SolutionProperties) = preSolution
		HideSolutionNode = FALSE
	EndGlobalSection
	GlobalSection(ExtensibilityGlobals) = postSolution
		SolutionGuid = {21D5947F-B79A-443E-A3BC-2ED01F52DD62}
	EndGlobalSection
EndGlobal
